
Microsoft Visual Studio Solution File, Format Version 12.00
# Visual Studio Version 17
VisualStudioVersion = 17.1.32328.378
MinimumVisualStudioVersion = 10.0.40219.1
Project("{9A19103F-16F7-4668-BE54-9A1E7A4F7556}") = "API", "API\API.csproj", "{49557CF0-EC6A-4E84-AC81-8A49D54CD105}"
EndProject
Project("{FAE04EC0-301F-11D3-BF4B-00C04F79EFBC}") = "Core", "Core\Core.csproj", "{0A10752C-DA7F-465C-979B-3B5881BD7A23}"
EndProject
Project("{FAE04EC0-301F-11D3-BF4B-00C04F79EFBC}") = "Infrastructure", "Infrastructure\Infrastructure.csproj", "{23B3D12D-B72E-46FF-852F-F50EA0FF57D7}"
EndProject
Global
	GlobalSection(SolutionConfigurationPlatforms) = preSolution
		Debug|Any CPU = Debug|Any CPU
		Debug|x64 = Debug|x64
		Debug|x86 = Debug|x86
		Release|Any CPU = Release|Any CPU
		Release|x64 = Release|x64
		Release|x86 = Release|x86
	EndGlobalSection
	GlobalSection(ProjectConfigurationPlatforms) = postSolution
		{49557CF0-EC6A-4E84-AC81-8A49D54CD105}.Debug|Any CPU.ActiveCfg = Debug|Any CPU
		{49557CF0-EC6A-4E84-AC81-8A49D54CD105}.Debug|Any CPU.Build.0 = Debug|Any CPU
		{49557CF0-EC6A-4E84-AC81-8A49D54CD105}.Debug|x64.ActiveCfg = Debug|Any CPU
		{49557CF0-EC6A-4E84-AC81-8A49D54CD105}.Debug|x64.Build.0 = Debug|Any CPU
		{49557CF0-EC6A-4E84-AC81-8A49D54CD105}.Debug|x86.ActiveCfg = Debug|Any CPU
		{49557CF0-EC6A-4E84-AC81-8A49D54CD105}.Debug|x86.Build.0 = Debug|Any CPU
		{49557CF0-EC6A-4E84-AC81-8A49D54CD105}.Release|Any CPU.ActiveCfg = Release|Any CPU
		{49557CF0-EC6A-4E84-AC81-8A49D54CD105}.Release|Any CPU.Build.0 = Release|Any CPU
		{49557CF0-EC6A-4E84-AC81-8A49D54CD105}.Release|x64.ActiveCfg = Release|Any CPU
		{49557CF0-EC6A-4E84-AC81-8A49D54CD105}.Release|x64.Build.0 = Release|Any CPU
		{49557CF0-EC6A-4E84-AC81-8A49D54CD105}.Release|x86.ActiveCfg = Release|Any CPU
		{49557CF0-EC6A-4E84-AC81-8A49D54CD105}.Release|x86.Build.0 = Release|Any CPU
		{0A10752C-DA7F-465C-979B-3B5881BD7A23}.Debug|Any CPU.ActiveCfg = Debug|Any CPU
		{0A10752C-DA7F-465C-979B-3B5881BD7A23}.Debug|Any CPU.Build.0 = Debug|Any CPU
		{0A10752C-DA7F-465C-979B-3B5881BD7A23}.Debug|x64.ActiveCfg = Debug|Any CPU
		{0A10752C-DA7F-465C-979B-3B5881BD7A23}.Debug|x64.Build.0 = Debug|Any CPU
		{0A10752C-DA7F-465C-979B-3B5881BD7A23}.Debug|x86.ActiveCfg = Debug|Any CPU
		{0A10752C-DA7F-465C-979B-3B5881BD7A23}.Debug|x86.Build.0 = Debug|Any CPU
		{0A10752C-DA7F-465C-979B-3B5881BD7A23}.Release|Any CPU.ActiveCfg = Release|Any CPU
		{0A10752C-DA7F-465C-979B-3B5881BD7A23}.Release|Any CPU.Build.0 = Release|Any CPU
		{0A10752C-DA7F-465C-979B-3B5881BD7A23}.Release|x64.ActiveCfg = Release|Any CPU
		{0A10752C-DA7F-465C-979B-3B5881BD7A23}.Release|x64.Build.0 = Release|Any CPU
		{0A10752C-DA7F-465C-979B-3B5881BD7A23}.Release|x86.ActiveCfg = Release|Any CPU
		{0A10752C-DA7F-465C-979B-3B5881BD7A23}.Release|x86.Build.0 = Release|Any CPU
		{23B3D12D-B72E-46FF-852F-F50EA0FF57D7}.Debug|Any CPU.ActiveCfg = Debug|Any CPU
		{23B3D12D-B72E-46FF-852F-F50EA0FF57D7}.Debug|Any CPU.Build.0 = Debug|Any CPU
		{23B3D12D-B72E-46FF-852F-F50EA0FF57D7}.Debug|x64.ActiveCfg = Debug|Any CPU
		{23B3D12D-B72E-46FF-852F-F50EA0FF57D7}.Debug|x64.Build.0 = Debug|Any CPU
		{23B3D12D-B72E-46FF-852F-F50EA0FF57D7}.Debug|x86.ActiveCfg = Debug|Any CPU
		{23B3D12D-B72E-46FF-852F-F50EA0FF57D7}.Debug|x86.Build.0 = Debug|Any CPU
		{23B3D12D-B72E-46FF-852F-F50EA0FF57D7}.Release|Any CPU.ActiveCfg = Release|Any CPU
		{23B3D12D-B72E-46FF-852F-F50EA0FF57D7}.Release|Any CPU.Build.0 = Release|Any CPU
		{23B3D12D-B72E-46FF-852F-F50EA0FF57D7}.Release|x64.ActiveCfg = Release|Any CPU
		{23B3D12D-B72E-46FF-852F-F50EA0FF57D7}.Release|x64.Build.0 = Release|Any CPU
		{23B3D12D-B72E-46FF-852F-F50EA0FF57D7}.Release|x86.ActiveCfg = Release|Any CPU
		{23B3D12D-B72E-46FF-852F-F50EA0FF57D7}.Release|x86.Build.0 = Release|Any CPU
	EndGlobalSection
	GlobalSection(SolutionProperties) = preSolution
		HideSolutionNode = FALSE
	EndGlobalSection
	GlobalSection(ExtensibilityGlobals) = postSolution
		SolutionGuid = {C8B9173F-29C0-4BFA-8937-3976929D0E45}
	EndGlobalSection
EndGlobal
